// !$*UTF8*$!
{
	archiveVersion = 1;
	classes = {
	};
	objectVersion = 46;
	objects = {

/* Begin PBXBuildFile section */
		F5B48E0E1C4EA8FF009A95A9 /* AppDelegate.swift in Sources */ = {isa = PBXBuildFile; fileRef = F5B48E0D1C4EA8FF009A95A9 /* AppDelegate.swift */; };
		F5B48E101C4EA8FF009A95A9 /* ViewController.swift in Sources */ = {isa = PBXBuildFile; fileRef = F5B48E0F1C4EA8FF009A95A9 /* ViewController.swift */; };
		F5B48E131C4EA8FF009A95A9 /* Main.storyboard in Resources */ = {isa = PBXBuildFile; fileRef = F5B48E111C4EA8FF009A95A9 /* Main.storyboard */; };
		F5B48E151C4EA8FF009A95A9 /* Assets.xcassets in Resources */ = {isa = PBXBuildFile; fileRef = F5B48E141C4EA8FF009A95A9 /* Assets.xcassets */; };
		F5B48E181C4EA8FF009A95A9 /* LaunchScreen.storyboard in Resources */ = {isa = PBXBuildFile; fileRef = F5B48E161C4EA8FF009A95A9 /* LaunchScreen.storyboard */; };
		F5B48E201C4EB1C1009A95A9 /* VideoTableViewCell.swift in Sources */ = {isa = PBXBuildFile; fileRef = F5B48E1F1C4EB1C1009A95A9 /* VideoTableViewCell.swift */; };
/* End PBXBuildFile section */

/* Begin PBXFileReference section */
		F5B48E0A1C4EA8FF009A95A9 /* PenguinProducer.app */ = {isa = PBXFileReference; explicitFileType = wrapper.application; includeInIndex = 0; path = PenguinProducer.app; sourceTree = BUILT_PRODUCTS_DIR; };
		F5B48E0D1C4EA8FF009A95A9 /* AppDelegate.swift */ = {isa = PBXFileReference; lastKnownFileType = sourcecode.swift; path = AppDelegate.swift; sourceTree = "<group>"; };
		F5B48E0F1C4EA8FF009A95A9 /* ViewController.swift */ = {isa = PBXFileReference; lastKnownFileType = sourcecode.swift; path = ViewController.swift; sourceTree = "<group>"; };
		F5B48E121C4EA8FF009A95A9 /* Base */ = {isa = PBXFileReference; lastKnownFileType = file.storyboard; name = Base; path = Base.lproj/Main.storyboard; sourceTree = "<group>"; };
		F5B48E141C4EA8FF009A95A9 /* Assets.xcassets */ = {isa = PBXFileReference; lastKnownFileType = folder.assetcatalog; path = Assets.xcassets; sourceTree = "<group>"; };
		F5B48E171C4EA8FF009A95A9 /* Base */ = {isa = PBXFileReference; lastKnownFileType = file.storyboard; name = Base; path = Base.lproj/LaunchScreen.storyboard; sourceTree = "<group>"; };
		F5B48E191C4EA8FF009A95A9 /* Info.plist */ = {isa = PBXFileReference; lastKnownFileType = text.plist.xml; path = Info.plist; sourceTree = "<group>"; };
		F5B48E1F1C4EB1C1009A95A9 /* VideoTableViewCell.swift */ = {isa = PBXFileReference; fileEncoding = 4; lastKnownFileType = sourcecode.swift; path = VideoTableViewCell.swift; sourceTree = "<group>"; };
/* End PBXFileReference section */

/* Begin PBXFrameworksBuildPhase section */
		F5B48E071C4EA8FF009A95A9 /* Frameworks */ = {
			isa = PBXFrameworksBuildPhase;
			buildActionMask = 2147483647;
			files = (
			);
			runOnlyForDeploymentPostprocessing = 0;
		};
/* End PBXFrameworksBuildPhase section */

/* Begin PBXGroup section */
		F5B48E011C4EA8FF009A95A9 = {
			isa = PBXGroup;
			children = (
				F5B48E0C1C4EA8FF009A95A9 /* PenguinProducer */,
				F5B48E0B1C4EA8FF009A95A9 /* Products */,
			);
			sourceTree = "<group>";
		};
		F5B48E0B1C4EA8FF009A95A9 /* Products */ = {
			isa = PBXGroup;
			children = (
				F5B48E0A1C4EA8FF009A95A9 /* PenguinProducer.app */,
			);
			name = Products;
			sourceTree = "<group>";
		};
		F5B48E0C1C4EA8FF009A95A9 /* PenguinProducer */ = {
			isa = PBXGroup;
			children = (
				F5B48E0D1C4EA8FF009A95A9 /* AppDelegate.swift */,
				F5B48E0F1C4EA8FF009A95A9 /* ViewController.swift */,
				F5B48E1F1C4EB1C1009A95A9 /* VideoTableViewCell.swift */,
				F5B48E111C4EA8FF009A95A9 /* Main.storyboard */,
				F5B48E141C4EA8FF009A95A9 /* Assets.xcassets */,
				F5B48E161C4EA8FF009A95A9 /* LaunchScreen.storyboard */,
				F5B48E191C4EA8FF009A95A9 /* Info.plist */,
			);
			path = PenguinProducer;
			sourceTree = "<group>";
		};
/* End PBXGroup section */

/* Begin PBXNativeTarget section */
		F5B48E091C4EA8FF009A95A9 /* PenguinProducer */ = {
			isa = PBXNativeTarget;
			buildConfigurationList = F5B48E1C1C4EA8FF009A95A9 /* Build configuration list for PBXNativeTarget "PenguinProducer" */;
			buildPhases = (
				F5B48E061C4EA8FF009A95A9 /* Sources */,
				F5B48E071C4EA8FF009A95A9 /* Frameworks */,
				F5B48E081C4EA8FF009A95A9 /* Resources */,
			);
			buildRules = (
			);
			dependencies = (
			);
			name = PenguinProducer;
			productName = PenguinProducer;
			productReference = F5B48E0A1C4EA8FF009A95A9 /* PenguinProducer.app */;
			productType = "com.apple.product-type.application";
		};
/* End PBXNativeTarget section */

/* Begin PBXProject section */
		F5B48E021C4EA8FF009A95A9 /* Project object */ = {
			isa = PBXProject;
			attributes = {
				LastSwiftUpdateCheck = 0720;
				LastUpgradeCheck = 0720;
				ORGANIZATIONNAME = "Razeware LLC";
				TargetAttributes = {
					F5B48E091C4EA8FF009A95A9 = {
						CreatedOnToolsVersion = 7.2;
						DevelopmentTeam = 9798FKV9BN;
						ProvisioningStyle = Manual;
						SystemCapabilities = {
							com.apple.BackgroundModes = {
								enabled = 1;
							};
						};
					};
				};
			};
			buildConfigurationList = F5B48E051C4EA8FF009A95A9 /* Build configuration list for PBXProject "PenguinProducer" */;
			compatibilityVersion = "Xcode 3.2";
			developmentRegion = English;
			hasScannedForEncodings = 0;
			knownRegions = (
				en,
				Base,
			);
			mainGroup = F5B48E011C4EA8FF009A95A9;
			productRefGroup = F5B48E0B1C4EA8FF009A95A9 /* Products */;
			projectDirPath = "";
			projectRoot = "";
			targets = (
				F5B48E091C4EA8FF009A95A9 /* PenguinProducer */,
			);
		};
/* End PBXProject section */

/* Begin PBXResourcesBuildPhase section */
		F5B48E081C4EA8FF009A95A9 /* Resources */ = {
			isa = PBXResourcesBuildPhase;
			buildActionMask = 2147483647;
			files = (
				F5B48E181C4EA8FF009A95A9 /* LaunchScreen.storyboard in Resources */,
				F5B48E151C4EA8FF009A95A9 /* Assets.xcassets in Resources */,
				F5B48E131C4EA8FF009A95A9 /* Main.storyboard in Resources */,
			);
			runOnlyForDeploymentPostprocessing = 0;
		};
/* End PBXResourcesBuildPhase section */

/* Begin PBXSourcesBuildPhase section */
		F5B48E061C4EA8FF009A95A9 /* Sources */ = {
			isa = PBXSourcesBuildPhase;
			buildActionMask = 2147483647;
			files = (
				F5B48E101C4EA8FF009A95A9 /* ViewController.swift in Sources */,
				F5B48E0E1C4EA8FF009A95A9 /* AppDelegate.swift in Sources */,
				F5B48E201C4EB1C1009A95A9 /* VideoTableViewCell.swift in Sources */,
			);
			runOnlyForDeploymentPostprocessing = 0;
		};
/* End PBXSourcesBuildPhase section */

/* Begin PBXVariantGroup section */
		F5B48E111C4EA8FF009A95A9 /* Main.storyboard */ = {
			isa = PBXVariantGroup;
			children = (
				F5B48E121C4EA8FF009A95A9 /* Base */,
			);
			name = Main.storyboard;
			sourceTree = "<group>";
		};
		F5B48E161C4EA8FF009A95A9 /* LaunchScreen.storyboard */ = {
			isa = PBXVariantGroup;
			children = (
				F5B48E171C4EA8FF009A95A9 /* Base */,
			);
			name = LaunchScreen.storyboard;
			sourceTree = "<group>";
		};
/* End PBXVariantGroup section */

/* Begin XCBuildConfiguration section */
		F5B48E1A1C4EA8FF009A95A9 /* Debug */ = {
			isa = XCBuildConfiguration;
			buildSettings = {
				ALWAYS_SEARCH_USER_PATHS = NO;
				CLANG_CXX_LANGUAGE_STANDARD = "gnu++0x";
				CLANG_CXX_LIBRARY = "libc++";
				CLANG_ENABLE_MODULES = YES;
				CLANG_ENABLE_OBJC_ARC = YES;
				CLANG_WARN_BOOL_CONVERSION = YES;
				CLANG_WARN_CONSTANT_CONVERSION = YES;
				CLANG_WARN_DIRECT_OBJC_ISA_USAGE = YES_ERROR;
				CLANG_WARN_EMPTY_BODY = YES;
				CLANG_WARN_ENUM_CONVERSION = YES;
				CLANG_WARN_INT_CONVERSION = YES;
				CLANG_WARN_OBJC_ROOT_CLASS = YES_ERROR;
				CLANG_WARN_UNREACHABLE_CODE = YES;
				CLANG_WARN__DUPLICATE_METHOD_MATCH = YES;
				"CODE_SIGN_IDENTITY[sdk=iphoneos*]" = "iPhone Developer";
				COPY_PHASE_STRIP = NO;
				DEBUG_INFORMATION_FORMAT = dwarf;
				ENABLE_STRICT_OBJC_MSGSEND = YES;
				ENABLE_TESTABILITY = YES;
				GCC_C_LANGUAGE_STANDARD = gnu99;
				GCC_DYNAMIC_NO_PIC = NO;
				GCC_NO_COMMON_BLOCKS = YES;
				GCC_OPTIMIZATION_LEVEL = 0;
				GCC_PREPROCESSOR_DEFINITIONS = (
					"DEBUG=1",
					"$(inherited)",
				);
				GCC_WARN_64_TO_32_BIT_CONVERSION = YES;
				GCC_WARN_ABOUT_RETURN_TYPE = YES_ERROR;
				GCC_WARN_UNDECLARED_SELECTOR = YES;
				GCC_WARN_UNINITIALIZED_AUTOS = YES_AGGRESSIVE;
				GCC_WARN_UNUSED_FUNCTION = YES;
				GCC_WARN_UNUSED_VARIABLE = YES;
				IPHONEOS_DEPLOYMENT_TARGET = 9.2;
				MTL_ENABLE_DEBUG_INFO = YES;
				ONLY_ACTIVE_ARCH = YES;
				SDKROOT = iphoneos;
				SWIFT_OPTIMIZATION_LEVEL = "-Onone";
				TARGETED_DEVICE_FAMILY = "1,2";
			};
			name = Debug;
		};
		F5B48E1B1C4EA8FF009A95A9 /* Release */ = {
			isa = XCBuildConfiguration;
			buildSettings = {
				ALWAYS_SEARCH_USER_PATHS = NO;
				CLANG_CXX_LANGUAGE_STANDARD = "gnu++0x";
				CLANG_CXX_LIBRARY = "libc++";
				CLANG_ENABLE_MODULES = YES;
				CLANG_ENABLE_OBJC_ARC = YES;
				CLANG_WARN_BOOL_CONVERSION = YES;
				CLANG_WARN_CONSTANT_CONVERSION = YES;
				CLANG_WARN_DIRECT_OBJC_ISA_USAGE = YES_ERROR;
				CLANG_WARN_EMPTY_BODY = YES;
				CLANG_WARN_ENUM_CONVERSION = YES;
				CLANG_WARN_INT_CONVERSION = YES;
				CLANG_WARN_OBJC_ROOT_CLASS = YES_ERROR;
				CLANG_WARN_UNREACHABLE_CODE = YES;
				CLANG_WARN__DUPLICATE_METHOD_MATCH = YES;
				"CODE_SIGN_IDENTITY[sdk=iphoneos*]" = "iPhone Developer";
				COPY_PHASE_STRIP = NO;
				DEBUG_INFORMATION_FORMAT = "dwarf-with-dsym";
				ENABLE_NS_ASSERTIONS = NO;
				ENABLE_STRICT_OBJC_MSGSEND = YES;
				GCC_C_LANGUAGE_STANDARD = gnu99;
				GCC_NO_COMMON_BLOCKS = YES;
				GCC_WARN_64_TO_32_BIT_CONVERSION = YES;
				GCC_WARN_ABOUT_RETURN_TYPE = YES_ERROR;
				GCC_WARN_UNDECLARED_SELECTOR = YES;
				GCC_WARN_UNINITIALIZED_AUTOS = YES_AGGRESSIVE;
				GCC_WARN_UNUSED_FUNCTION = YES;
				GCC_WARN_UNUSED_VARIABLE = YES;
				IPHONEOS_DEPLOYMENT_TARGET = 9.2;
				MTL_ENABLE_DEBUG_INFO = NO;
				SDKROOT = iphoneos;
				TARGETED_DEVICE_FAMILY = "1,2";
				VALIDATE_PRODUCT = YES;
			};
			name = Release;
		};
		F5B48E1D1C4EA8FF009A95A9 /* Debug */ = {
			isa = XCBuildConfiguration;
			buildSettings = {
				ASSETCATALOG_COMPILER_APPICON_NAME = AppIcon;
				CODE_SIGN_STYLE = Manual;
				DEVELOPMENT_TEAM = 9798FKV9BN;
				INFOPLIST_FILE = PenguinProducer/Info.plist;
				LD_RUNPATH_SEARCH_PATHS = "$(inherited) @executable_path/Frameworks";
				PRODUCT_BUNDLE_IDENTIFIER = com.razeware.PenguinProducer;
				PRODUCT_NAME = "$(TARGET_NAME)";
				PROVISIONING_PROFILE = "f4d0010a-cb1b-4511-a1ea-9ce14a50cc41";
				PROVISIONING_PROFILE_SPECIFIER = All_Test;
				SWIFT_VERSION = 4.0;
			};
			name = Debug;
		};
		F5B48E1E1C4EA8FF009A95A9 /* Release */ = {
			isa = XCBuildConfiguration;
			buildSettings = {
				ASSETCATALOG_COMPILER_APPICON_NAME = AppIcon;
				CODE_SIGN_STYLE = Manual;
				DEVELOPMENT_TEAM = "";
				INFOPLIST_FILE = PenguinProducer/Info.plist;
				LD_RUNPATH_SEARCH_PATHS = "$(inherited) @executable_path/Frameworks";
				PRODUCT_BUNDLE_IDENTIFIER = com.razeware.PenguinProducer;
				PRODUCT_NAME = "$(TARGET_NAME)";
				PROVISIONING_PROFILE_SPECIFIER = "";
				SWIFT_VERSION = 4.0;
			};
			name = Release;
		};
/* End XCBuildConfiguration section */

/* Begin XCConfigurationList section */
		F5B48E051C4EA8FF009A95A9 /* Build configuration list for PBXProject "PenguinProducer" */ = {
			isa = XCConfigurationList;
			buildConfigurations = (
				F5B48E1A1C4EA8FF009A95A9 /* Debug */,
				F5B48E1B1C4EA8FF009A95A9 /* Release */,
			);
			defaultConfigurationIsVisible = 0;
			defaultConfigurationName = Release;
		};
		F5B48E1C1C4EA8FF009A95A9 /* Build configuration list for PBXNativeTarget "PenguinProducer" */ = {
			isa = XCConfigurationList;
			buildConfigurations = (
				F5B48E1D1C4EA8FF009A95A9 /* Debug */,
				F5B48E1E1C4EA8FF009A95A9 /* Release */,
			);
			defaultConfigurationIsVisible = 0;
			defaultConfigurationName = Release;
		};
/* End XCConfigurationList section */
	};
	rootObject = F5B48E021C4EA8FF009A95A9 /* Project object */;
}
