// !$*UTF8*$!
{
	archiveVersion = 1;
	classes = {
	};
	objectVersion = 50;
	objects = {

/* Begin PBXBuildFile section */
		C20423AF2126BA5C00C6E4A3 /* AppDelegate.swift in Sources */ = {isa = PBXBuildFile; fileRef = C20423AE2126BA5C00C6E4A3 /* AppDelegate.swift */; };
		C20423B12126BA5C00C6E4A3 /* ViewController.swift in Sources */ = {isa = PBXBuildFile; fileRef = C20423B02126BA5C00C6E4A3 /* ViewController.swift */; };
		C20423B42126BA5C00C6E4A3 /* Main.storyboard in Resources */ = {isa = PBXBuildFile; fileRef = C20423B22126BA5C00C6E4A3 /* Main.storyboard */; };
		C20423B62126BA5D00C6E4A3 /* Assets.xcassets in Resources */ = {isa = PBXBuildFile; fileRef = C20423B52126BA5D00C6E4A3 /* Assets.xcassets */; };
		C20423B92126BA5D00C6E4A3 /* LaunchScreen.storyboard in Resources */ = {isa = PBXBuildFile; fileRef = C20423B72126BA5D00C6E4A3 /* LaunchScreen.storyboard */; };
		C20423C42126BA5D00C6E4A3 /* GPUImageRecorderSampleTests.swift in Sources */ = {isa = PBXBuildFile; fileRef = C20423C32126BA5D00C6E4A3 /* GPUImageRecorderSampleTests.swift */; };
		CDF9B84124321A4AF82D914F /* Pods_GPUImageRecorderSample.framework in Frameworks */ = {isa = PBXBuildFile; fileRef = 3CAE9D7FC38B08F04318901F /* Pods_GPUImageRecorderSample.framework */; };
/* End PBXBuildFile section */

/* Begin PBXContainerItemProxy section */
		C20423C02126BA5D00C6E4A3 /* PBXContainerItemProxy */ = {
			isa = PBXContainerItemProxy;
			containerPortal = C20423A32126BA5C00C6E4A3 /* Project object */;
			proxyType = 1;
			remoteGlobalIDString = C20423AA2126BA5C00C6E4A3;
			remoteInfo = GPUImageRecorderSample;
		};
/* End PBXContainerItemProxy section */

/* Begin PBXFileReference section */
		3CAE9D7FC38B08F04318901F /* Pods_GPUImageRecorderSample.framework */ = {isa = PBXFileReference; explicitFileType = wrapper.framework; includeInIndex = 0; path = Pods_GPUImageRecorderSample.framework; sourceTree = BUILT_PRODUCTS_DIR; };
		510AEE05245D2CB63A7EDF7E /* Pods_GPUImageRecorderSampleTests.framework */ = {isa = PBXFileReference; explicitFileType = wrapper.framework; includeInIndex = 0; path = Pods_GPUImageRecorderSampleTests.framework; sourceTree = BUILT_PRODUCTS_DIR; };
		C20423AB2126BA5C00C6E4A3 /* GPUImageRecorderSample.app */ = {isa = PBXFileReference; explicitFileType = wrapper.application; includeInIndex = 0; path = GPUImageRecorderSample.app; sourceTree = BUILT_PRODUCTS_DIR; };
		C20423AE2126BA5C00C6E4A3 /* AppDelegate.swift */ = {isa = PBXFileReference; lastKnownFileType = sourcecode.swift; path = AppDelegate.swift; sourceTree = "<group>"; };
		C20423B02126BA5C00C6E4A3 /* ViewController.swift */ = {isa = PBXFileReference; lastKnownFileType = sourcecode.swift; path = ViewController.swift; sourceTree = "<group>"; };
		C20423B32126BA5C00C6E4A3 /* Base */ = {isa = PBXFileReference; lastKnownFileType = file.storyboard; name = Base; path = Base.lproj/Main.storyboard; sourceTree = "<group>"; };
		C20423B52126BA5D00C6E4A3 /* Assets.xcassets */ = {isa = PBXFileReference; lastKnownFileType = folder.assetcatalog; path = Assets.xcassets; sourceTree = "<group>"; };
		C20423B82126BA5D00C6E4A3 /* Base */ = {isa = PBXFileReference; lastKnownFileType = file.storyboard; name = Base; path = Base.lproj/LaunchScreen.storyboard; sourceTree = "<group>"; };
		C20423BA2126BA5D00C6E4A3 /* Info.plist */ = {isa = PBXFileReference; lastKnownFileType = text.plist.xml; path = Info.plist; sourceTree = "<group>"; };
		C20423BF2126BA5D00C6E4A3 /* GPUImageRecorderSampleTests.xctest */ = {isa = PBXFileReference; explicitFileType = wrapper.cfbundle; includeInIndex = 0; path = GPUImageRecorderSampleTests.xctest; sourceTree = BUILT_PRODUCTS_DIR; };
		C20423C32126BA5D00C6E4A3 /* GPUImageRecorderSampleTests.swift */ = {isa = PBXFileReference; lastKnownFileType = sourcecode.swift; path = GPUImageRecorderSampleTests.swift; sourceTree = "<group>"; };
		C20423C52126BA5D00C6E4A3 /* Info.plist */ = {isa = PBXFileReference; lastKnownFileType = text.plist.xml; path = Info.plist; sourceTree = "<group>"; };
		D4458DD97CC10A1FC1BCC955 /* Pods-GPUImageRecorderSample.debug.xcconfig */ = {isa = PBXFileReference; includeInIndex = 1; lastKnownFileType = text.xcconfig; name = "Pods-GPUImageRecorderSample.debug.xcconfig"; path = "Pods/Target Support Files/Pods-GPUImageRecorderSample/Pods-GPUImageRecorderSample.debug.xcconfig"; sourceTree = "<group>"; };
		E1C6CD2B259A6297A6357EF4 /* Pods-GPUImageRecorderSample.release.xcconfig */ = {isa = PBXFileReference; includeInIndex = 1; lastKnownFileType = text.xcconfig; name = "Pods-GPUImageRecorderSample.release.xcconfig"; path = "Pods/Target Support Files/Pods-GPUImageRecorderSample/Pods-GPUImageRecorderSample.release.xcconfig"; sourceTree = "<group>"; };
/* End PBXFileReference section */

/* Begin PBXFrameworksBuildPhase section */
		C20423A82126BA5C00C6E4A3 /* Frameworks */ = {
			isa = PBXFrameworksBuildPhase;
			buildActionMask = 2147483647;
			files = (
				CDF9B84124321A4AF82D914F /* Pods_GPUImageRecorderSample.framework in Frameworks */,
			);
			runOnlyForDeploymentPostprocessing = 0;
		};
		C20423BC2126BA5D00C6E4A3 /* Frameworks */ = {
			isa = PBXFrameworksBuildPhase;
			buildActionMask = 2147483647;
			files = (
			);
			runOnlyForDeploymentPostprocessing = 0;
		};
/* End PBXFrameworksBuildPhase section */

/* Begin PBXGroup section */
		260D1087200447104241F509 /* Frameworks */ = {
			isa = PBXGroup;
			children = (
				3CAE9D7FC38B08F04318901F /* Pods_GPUImageRecorderSample.framework */,
				510AEE05245D2CB63A7EDF7E /* Pods_GPUImageRecorderSampleTests.framework */,
			);
			name = Frameworks;
			sourceTree = "<group>";
		};
		44605B5EA00381524F4549C4 /* Pods */ = {
			isa = PBXGroup;
			children = (
				D4458DD97CC10A1FC1BCC955 /* Pods-GPUImageRecorderSample.debug.xcconfig */,
				E1C6CD2B259A6297A6357EF4 /* Pods-GPUImageRecorderSample.release.xcconfig */,
			);
			name = Pods;
			sourceTree = "<group>";
		};
		C20423A22126BA5C00C6E4A3 = {
			isa = PBXGroup;
			children = (
				C20423AD2126BA5C00C6E4A3 /* GPUImageRecorderSample */,
				C20423C22126BA5D00C6E4A3 /* GPUImageRecorderSampleTests */,
				C20423AC2126BA5C00C6E4A3 /* Products */,
				44605B5EA00381524F4549C4 /* Pods */,
				260D1087200447104241F509 /* Frameworks */,
			);
			sourceTree = "<group>";
		};
		C20423AC2126BA5C00C6E4A3 /* Products */ = {
			isa = PBXGroup;
			children = (
				C20423AB2126BA5C00C6E4A3 /* GPUImageRecorderSample.app */,
				C20423BF2126BA5D00C6E4A3 /* GPUImageRecorderSampleTests.xctest */,
			);
			name = Products;
			sourceTree = "<group>";
		};
		C20423AD2126BA5C00C6E4A3 /* GPUImageRecorderSample */ = {
			isa = PBXGroup;
			children = (
				C20423AE2126BA5C00C6E4A3 /* AppDelegate.swift */,
				C20423B02126BA5C00C6E4A3 /* ViewController.swift */,
				C20423B22126BA5C00C6E4A3 /* Main.storyboard */,
				C20423B52126BA5D00C6E4A3 /* Assets.xcassets */,
				C20423B72126BA5D00C6E4A3 /* LaunchScreen.storyboard */,
				C20423BA2126BA5D00C6E4A3 /* Info.plist */,
			);
			path = GPUImageRecorderSample;
			sourceTree = "<group>";
		};
		C20423C22126BA5D00C6E4A3 /* GPUImageRecorderSampleTests */ = {
			isa = PBXGroup;
			children = (
				C20423C32126BA5D00C6E4A3 /* GPUImageRecorderSampleTests.swift */,
				C20423C52126BA5D00C6E4A3 /* Info.plist */,
			);
			path = GPUImageRecorderSampleTests;
			sourceTree = "<group>";
		};
/* End PBXGroup section */

/* Begin PBXNativeTarget section */
		C20423AA2126BA5C00C6E4A3 /* GPUImageRecorderSample */ = {
			isa = PBXNativeTarget;
			buildConfigurationList = C20423C82126BA5D00C6E4A3 /* Build configuration list for PBXNativeTarget "GPUImageRecorderSample" */;
			buildPhases = (
				3D55C05A05E33675244DAE8B /* [CP] Check Pods Manifest.lock */,
				C20423A72126BA5C00C6E4A3 /* Sources */,
				C20423A82126BA5C00C6E4A3 /* Frameworks */,
				C20423A92126BA5C00C6E4A3 /* Resources */,
				D7770B1DC4951A158DFC4274 /* [CP] Embed Pods Frameworks */,
			);
			buildRules = (
			);
			dependencies = (
			);
			name = GPUImageRecorderSample;
			productName = GPUImageRecorderSample;
			productReference = C20423AB2126BA5C00C6E4A3 /* GPUImageRecorderSample.app */;
			productType = "com.apple.product-type.application";
		};
		C20423BE2126BA5D00C6E4A3 /* GPUImageRecorderSampleTests */ = {
			isa = PBXNativeTarget;
			buildConfigurationList = C20423CB2126BA5D00C6E4A3 /* Build configuration list for PBXNativeTarget "GPUImageRecorderSampleTests" */;
			buildPhases = (
				C20423BB2126BA5D00C6E4A3 /* Sources */,
				C20423BC2126BA5D00C6E4A3 /* Frameworks */,
				C20423BD2126BA5D00C6E4A3 /* Resources */,
			);
			buildRules = (
			);
			dependencies = (
				C20423C12126BA5D00C6E4A3 /* PBXTargetDependency */,
			);
			name = GPUImageRecorderSampleTests;
			productName = GPUImageRecorderSampleTests;
			productReference = C20423BF2126BA5D00C6E4A3 /* GPUImageRecorderSampleTests.xctest */;
			productType = "com.apple.product-type.bundle.unit-test";
		};
/* End PBXNativeTarget section */

/* Begin PBXProject section */
		C20423A32126BA5C00C6E4A3 /* Project object */ = {
			isa = PBXProject;
			attributes = {
				LastSwiftUpdateCheck = 0940;
				LastUpgradeCheck = 0940;
				ORGANIZATIONNAME = lyhonghwa;
				TargetAttributes = {
					C20423AA2126BA5C00C6E4A3 = {
						CreatedOnToolsVersion = 9.4.1;
					};
					C20423BE2126BA5D00C6E4A3 = {
						CreatedOnToolsVersion = 9.4.1;
						TestTargetID = C20423AA2126BA5C00C6E4A3;
					};
				};
			};
			buildConfigurationList = C20423A62126BA5C00C6E4A3 /* Build configuration list for PBXProject "GPUImageRecorderSample" */;
			compatibilityVersion = "Xcode 9.3";
			developmentRegion = en;
			hasScannedForEncodings = 0;
			knownRegions = (
				en,
				Base,
			);
			mainGroup = C20423A22126BA5C00C6E4A3;
			productRefGroup = C20423AC2126BA5C00C6E4A3 /* Products */;
			projectDirPath = "";
			projectRoot = "";
			targets = (
				C20423AA2126BA5C00C6E4A3 /* GPUImageRecorderSample */,
				C20423BE2126BA5D00C6E4A3 /* GPUImageRecorderSampleTests */,
			);
		};
/* End PBXProject section */

/* Begin PBXResourcesBuildPhase section */
		C20423A92126BA5C00C6E4A3 /* Resources */ = {
			isa = PBXResourcesBuildPhase;
			buildActionMask = 2147483647;
			files = (
				C20423B92126BA5D00C6E4A3 /* LaunchScreen.storyboard in Resources */,
				C20423B62126BA5D00C6E4A3 /* Assets.xcassets in Resources */,
				C20423B42126BA5C00C6E4A3 /* Main.storyboard in Resources */,
			);
			runOnlyForDeploymentPostprocessing = 0;
		};
		C20423BD2126BA5D00C6E4A3 /* Resources */ = {
			isa = PBXResourcesBuildPhase;
			buildActionMask = 2147483647;
			files = (
			);
			runOnlyForDeploymentPostprocessing = 0;
		};
/* End PBXResourcesBuildPhase section */

/* Begin PBXShellScriptBuildPhase section */
		3D55C05A05E33675244DAE8B /* [CP] Check Pods Manifest.lock */ = {
			isa = PBXShellScriptBuildPhase;
			buildActionMask = 2147483647;
			files = (
			);
			inputPaths = (
				"${PODS_PODFILE_DIR_PATH}/Podfile.lock",
				"${PODS_ROOT}/Manifest.lock",
			);
			name = "[CP] Check Pods Manifest.lock";
			outputPaths = (
				"$(DERIVED_FILE_DIR)/Pods-GPUImageRecorderSample-checkManifestLockResult.txt",
			);
			runOnlyForDeploymentPostprocessing = 0;
			shellPath = /bin/sh;
			shellScript = "diff \"${PODS_PODFILE_DIR_PATH}/Podfile.lock\" \"${PODS_ROOT}/Manifest.lock\" > /dev/null\nif [ $? != 0 ] ; then\n    # print error to STDERR\n    echo \"error: The sandbox is not in sync with the Podfile.lock. Run 'pod install' or update your CocoaPods installation.\" >&2\n    exit 1\nfi\n# This output is used by Xcode 'outputs' to avoid re-running this script phase.\necho \"SUCCESS\" > \"${SCRIPT_OUTPUT_FILE_0}\"\n";
			showEnvVarsInLog = 0;
		};
		D7770B1DC4951A158DFC4274 /* [CP] Embed Pods Frameworks */ = {
			isa = PBXShellScriptBuildPhase;
			buildActionMask = 2147483647;
			files = (
			);
			inputPaths = (
				"${SRCROOT}/Pods/Target Support Files/Pods-GPUImageRecorderSample/Pods-GPUImageRecorderSample-frameworks.sh",
				"${BUILT_PRODUCTS_DIR}/GPUImage2/GPUImage2.framework",
				"${BUILT_PRODUCTS_DIR}/RxCocoa/RxCocoa.framework",
				"${BUILT_PRODUCTS_DIR}/RxSwift/RxSwift.framework",
			);
			name = "[CP] Embed Pods Frameworks";
			outputPaths = (
				"${TARGET_BUILD_DIR}/${FRAMEWORKS_FOLDER_PATH}/GPUImage2.framework",
				"${TARGET_BUILD_DIR}/${FRAMEWORKS_FOLDER_PATH}/RxCocoa.framework",
				"${TARGET_BUILD_DIR}/${FRAMEWORKS_FOLDER_PATH}/RxSwift.framework",
			);
			runOnlyForDeploymentPostprocessing = 0;
			shellPath = /bin/sh;
			shellScript = "\"${SRCROOT}/Pods/Target Support Files/Pods-GPUImageRecorderSample/Pods-GPUImageRecorderSample-frameworks.sh\"\n";
			showEnvVarsInLog = 0;
		};
/* End PBXShellScriptBuildPhase section */

/* Begin PBXSourcesBuildPhase section */
		C20423A72126BA5C00C6E4A3 /* Sources */ = {
			isa = PBXSourcesBuildPhase;
			buildActionMask = 2147483647;
			files = (
				C20423B12126BA5C00C6E4A3 /* ViewController.swift in Sources */,
				C20423AF2126BA5C00C6E4A3 /* AppDelegate.swift in Sources */,
			);
			runOnlyForDeploymentPostprocessing = 0;
		};
		C20423BB2126BA5D00C6E4A3 /* Sources */ = {
			isa = PBXSourcesBuildPhase;
			buildActionMask = 2147483647;
			files = (
				C20423C42126BA5D00C6E4A3 /* GPUImageRecorderSampleTests.swift in Sources */,
			);
			runOnlyForDeploymentPostprocessing = 0;
		};
/* End PBXSourcesBuildPhase section */

/* Begin PBXTargetDependency section */
		C20423C12126BA5D00C6E4A3 /* PBXTargetDependency */ = {
			isa = PBXTargetDependency;
			target = C20423AA2126BA5C00C6E4A3 /* GPUImageRecorderSample */;
			targetProxy = C20423C02126BA5D00C6E4A3 /* PBXContainerItemProxy */;
		};
/* End PBXTargetDependency section */

/* Begin PBXVariantGroup section */
		C20423B22126BA5C00C6E4A3 /* Main.storyboard */ = {
			isa = PBXVariantGroup;
			children = (
				C20423B32126BA5C00C6E4A3 /* Base */,
			);
			name = Main.storyboard;
			sourceTree = "<group>";
		};
		C20423B72126BA5D00C6E4A3 /* LaunchScreen.storyboard */ = {
			isa = PBXVariantGroup;
			children = (
				C20423B82126BA5D00C6E4A3 /* Base */,
			);
			name = LaunchScreen.storyboard;
			sourceTree = "<group>";
		};
/* End PBXVariantGroup section */

/* Begin XCBuildConfiguration section */
		C20423C62126BA5D00C6E4A3 /* Debug */ = {
			isa = XCBuildConfiguration;
			buildSettings = {
				ALWAYS_SEARCH_USER_PATHS = NO;
				CLANG_ANALYZER_NONNULL = YES;
				CLANG_ANALYZER_NUMBER_OBJECT_CONVERSION = YES_AGGRESSIVE;
				CLANG_CXX_LANGUAGE_STANDARD = "gnu++14";
				CLANG_CXX_LIBRARY = "libc++";
				CLANG_ENABLE_MODULES = YES;
				CLANG_ENABLE_OBJC_ARC = YES;
				CLANG_ENABLE_OBJC_WEAK = YES;
				CLANG_WARN_BLOCK_CAPTURE_AUTORELEASING = YES;
				CLANG_WARN_BOOL_CONVERSION = YES;
				CLANG_WARN_COMMA = YES;
				CLANG_WARN_CONSTANT_CONVERSION = YES;
				CLANG_WARN_DEPRECATED_OBJC_IMPLEMENTATIONS = YES;
				CLANG_WARN_DIRECT_OBJC_ISA_USAGE = YES_ERROR;
				CLANG_WARN_DOCUMENTATION_COMMENTS = YES;
				CLANG_WARN_EMPTY_BODY = YES;
				CLANG_WARN_ENUM_CONVERSION = YES;
				CLANG_WARN_INFINITE_RECURSION = YES;
				CLANG_WARN_INT_CONVERSION = YES;
				CLANG_WARN_NON_LITERAL_NULL_CONVERSION = YES;
				CLANG_WARN_OBJC_IMPLICIT_RETAIN_SELF = YES;
				CLANG_WARN_OBJC_LITERAL_CONVERSION = YES;
				CLANG_WARN_OBJC_ROOT_CLASS = YES_ERROR;
				CLANG_WARN_RANGE_LOOP_ANALYSIS = YES;
				CLANG_WARN_STRICT_PROTOTYPES = YES;
				CLANG_WARN_SUSPICIOUS_MOVE = YES;
				CLANG_WARN_UNGUARDED_AVAILABILITY = YES_AGGRESSIVE;
				CLANG_WARN_UNREACHABLE_CODE = YES;
				CLANG_WARN__DUPLICATE_METHOD_MATCH = YES;
				CODE_SIGN_IDENTITY = "iPhone Developer";
				COPY_PHASE_STRIP = NO;
				DEBUG_INFORMATION_FORMAT = dwarf;
				ENABLE_STRICT_OBJC_MSGSEND = YES;
				ENABLE_TESTABILITY = YES;
				GCC_C_LANGUAGE_STANDARD = gnu11;
				GCC_DYNAMIC_NO_PIC = NO;
				GCC_NO_COMMON_BLOCKS = YES;
				GCC_OPTIMIZATION_LEVEL = 0;
				GCC_PREPROCESSOR_DEFINITIONS = (
					"DEBUG=1",
					"$(inherited)",
				);
				GCC_WARN_64_TO_32_BIT_CONVERSION = YES;
				GCC_WARN_ABOUT_RETURN_TYPE = YES_ERROR;
				GCC_WARN_UNDECLARED_SELECTOR = YES;
				GCC_WARN_UNINITIALIZED_AUTOS = YES_AGGRESSIVE;
				GCC_WARN_UNUSED_FUNCTION = YES;
				GCC_WARN_UNUSED_VARIABLE = YES;
				IPHONEOS_DEPLOYMENT_TARGET = 11.4;
				MTL_ENABLE_DEBUG_INFO = YES;
				ONLY_ACTIVE_ARCH = YES;
				SDKROOT = iphoneos;
				SWIFT_ACTIVE_COMPILATION_CONDITIONS = DEBUG;
				SWIFT_OPTIMIZATION_LEVEL = "-Onone";
			};
			name = Debug;
		};
		C20423C72126BA5D00C6E4A3 /* Release */ = {
			isa = XCBuildConfiguration;
			buildSettings = {
				ALWAYS_SEARCH_USER_PATHS = NO;
				CLANG_ANALYZER_NONNULL = YES;
				CLANG_ANALYZER_NUMBER_OBJECT_CONVERSION = YES_AGGRESSIVE;
				CLANG_CXX_LANGUAGE_STANDARD = "gnu++14";
				CLANG_CXX_LIBRARY = "libc++";
				CLANG_ENABLE_MODULES = YES;
				CLANG_ENABLE_OBJC_ARC = YES;
				CLANG_ENABLE_OBJC_WEAK = YES;
				CLANG_WARN_BLOCK_CAPTURE_AUTORELEASING = YES;
				CLANG_WARN_BOOL_CONVERSION = YES;
				CLANG_WARN_COMMA = YES;
				CLANG_WARN_CONSTANT_CONVERSION = YES;
				CLANG_WARN_DEPRECATED_OBJC_IMPLEMENTATIONS = YES;
				CLANG_WARN_DIRECT_OBJC_ISA_USAGE = YES_ERROR;
				CLANG_WARN_DOCUMENTATION_COMMENTS = YES;
				CLANG_WARN_EMPTY_BODY = YES;
				CLANG_WARN_ENUM_CONVERSION = YES;
				CLANG_WARN_INFINITE_RECURSION = YES;
				CLANG_WARN_INT_CONVERSION = YES;
				CLANG_WARN_NON_LITERAL_NULL_CONVERSION = YES;
				CLANG_WARN_OBJC_IMPLICIT_RETAIN_SELF = YES;
				CLANG_WARN_OBJC_LITERAL_CONVERSION = YES;
				CLANG_WARN_OBJC_ROOT_CLASS = YES_ERROR;
				CLANG_WARN_RANGE_LOOP_ANALYSIS = YES;
				CLANG_WARN_STRICT_PROTOTYPES = YES;
				CLANG_WARN_SUSPICIOUS_MOVE = YES;
				CLANG_WARN_UNGUARDED_AVAILABILITY = YES_AGGRESSIVE;
				CLANG_WARN_UNREACHABLE_CODE = YES;
				CLANG_WARN__DUPLICATE_METHOD_MATCH = YES;
				CODE_SIGN_IDENTITY = "iPhone Developer";
				COPY_PHASE_STRIP = NO;
				DEBUG_INFORMATION_FORMAT = "dwarf-with-dsym";
				ENABLE_NS_ASSERTIONS = NO;
				ENABLE_STRICT_OBJC_MSGSEND = YES;
				GCC_C_LANGUAGE_STANDARD = gnu11;
				GCC_NO_COMMON_BLOCKS = YES;
				GCC_WARN_64_TO_32_BIT_CONVERSION = YES;
				GCC_WARN_ABOUT_RETURN_TYPE = YES_ERROR;
				GCC_WARN_UNDECLARED_SELECTOR = YES;
				GCC_WARN_UNINITIALIZED_AUTOS = YES_AGGRESSIVE;
				GCC_WARN_UNUSED_FUNCTION = YES;
				GCC_WARN_UNUSED_VARIABLE = YES;
				IPHONEOS_DEPLOYMENT_TARGET = 11.4;
				MTL_ENABLE_DEBUG_INFO = NO;
				SDKROOT = iphoneos;
				SWIFT_COMPILATION_MODE = wholemodule;
				SWIFT_OPTIMIZATION_LEVEL = "-O";
				VALIDATE_PRODUCT = YES;
			};
			name = Release;
		};
		C20423C92126BA5D00C6E4A3 /* Debug */ = {
			isa = XCBuildConfiguration;
			baseConfigurationReference = D4458DD97CC10A1FC1BCC955 /* Pods-GPUImageRecorderSample.debug.xcconfig */;
			buildSettings = {
				ASSETCATALOG_COMPILER_APPICON_NAME = AppIcon;
				CODE_SIGN_STYLE = Manual;
				DEVELOPMENT_TEAM = 9798FKV9BN;
				INFOPLIST_FILE = GPUImageRecorderSample/Info.plist;
				LD_RUNPATH_SEARCH_PATHS = (
					"$(inherited)",
					"@executable_path/Frameworks",
				);
				PRODUCT_BUNDLE_IDENTIFIER = com.david.hong.GPUImageRecorderSample;
				PRODUCT_NAME = "$(TARGET_NAME)";
				PROVISIONING_PROFILE = "f4d0010a-cb1b-4511-a1ea-9ce14a50cc41";
				PROVISIONING_PROFILE_SPECIFIER = All_Test;
				SWIFT_VERSION = 4.0;
				TARGETED_DEVICE_FAMILY = "1,2";
			};
			name = Debug;
		};
		C20423CA2126BA5D00C6E4A3 /* Release */ = {
			isa = XCBuildConfiguration;
			baseConfigurationReference = E1C6CD2B259A6297A6357EF4 /* Pods-GPUImageRecorderSample.release.xcconfig */;
			buildSettings = {
				ASSETCATALOG_COMPILER_APPICON_NAME = AppIcon;
				CODE_SIGN_STYLE = Manual;
				DEVELOPMENT_TEAM = "";
				INFOPLIST_FILE = GPUImageRecorderSample/Info.plist;
				LD_RUNPATH_SEARCH_PATHS = (
					"$(inherited)",
					"@executable_path/Frameworks",
				);
				PRODUCT_BUNDLE_IDENTIFIER = com.david.hong.GPUImageRecorderSample;
				PRODUCT_NAME = "$(TARGET_NAME)";
				PROVISIONING_PROFILE_SPECIFIER = "";
				SWIFT_VERSION = 4.0;
				TARGETED_DEVICE_FAMILY = "1,2";
			};
			name = Release;
		};
		C20423CC2126BA5D00C6E4A3 /* Debug */ = {
			isa = XCBuildConfiguration;
			buildSettings = {
				ALWAYS_EMBED_SWIFT_STANDARD_LIBRARIES = YES;
				BUNDLE_LOADER = "$(TEST_HOST)";
				CODE_SIGN_STYLE = Automatic;
				INFOPLIST_FILE = GPUImageRecorderSampleTests/Info.plist;
				LD_RUNPATH_SEARCH_PATHS = (
					"$(inherited)",
					"@executable_path/Frameworks",
					"@loader_path/Frameworks",
				);
				PRODUCT_BUNDLE_IDENTIFIER = com.david.hong.GPUImageRecorderSampleTests;
				PRODUCT_NAME = "$(TARGET_NAME)";
				SWIFT_VERSION = 4.0;
				TARGETED_DEVICE_FAMILY = "1,2";
				TEST_HOST = "$(BUILT_PRODUCTS_DIR)/GPUImageRecorderSample.app/GPUImageRecorderSample";
			};
			name = Debug;
		};
		C20423CD2126BA5D00C6E4A3 /* Release */ = {
			isa = XCBuildConfiguration;
			buildSettings = {
				ALWAYS_EMBED_SWIFT_STANDARD_LIBRARIES = YES;
				BUNDLE_LOADER = "$(TEST_HOST)";
				CODE_SIGN_STYLE = Automatic;
				INFOPLIST_FILE = GPUImageRecorderSampleTests/Info.plist;
				LD_RUNPATH_SEARCH_PATHS = (
					"$(inherited)",
					"@executable_path/Frameworks",
					"@loader_path/Frameworks",
				);
				PRODUCT_BUNDLE_IDENTIFIER = com.david.hong.GPUImageRecorderSampleTests;
				PRODUCT_NAME = "$(TARGET_NAME)";
				SWIFT_VERSION = 4.0;
				TARGETED_DEVICE_FAMILY = "1,2";
				TEST_HOST = "$(BUILT_PRODUCTS_DIR)/GPUImageRecorderSample.app/GPUImageRecorderSample";
			};
			name = Release;
		};
/* End XCBuildConfiguration section */

/* Begin XCConfigurationList section */
		C20423A62126BA5C00C6E4A3 /* Build configuration list for PBXProject "GPUImageRecorderSample" */ = {
			isa = XCConfigurationList;
			buildConfigurations = (
				C20423C62126BA5D00C6E4A3 /* Debug */,
				C20423C72126BA5D00C6E4A3 /* Release */,
			);
			defaultConfigurationIsVisible = 0;
			defaultConfigurationName = Release;
		};
		C20423C82126BA5D00C6E4A3 /* Build configuration list for PBXNativeTarget "GPUImageRecorderSample" */ = {
			isa = XCConfigurationList;
			buildConfigurations = (
				C20423C92126BA5D00C6E4A3 /* Debug */,
				C20423CA2126BA5D00C6E4A3 /* Release */,
			);
			defaultConfigurationIsVisible = 0;
			defaultConfigurationName = Release;
		};
		C20423CB2126BA5D00C6E4A3 /* Build configuration list for PBXNativeTarget "GPUImageRecorderSampleTests" */ = {
			isa = XCConfigurationList;
			buildConfigurations = (
				C20423CC2126BA5D00C6E4A3 /* Debug */,
				C20423CD2126BA5D00C6E4A3 /* Release */,
			);
			defaultConfigurationIsVisible = 0;
			defaultConfigurationName = Release;
		};
/* End XCConfigurationList section */
	};
	rootObject = C20423A32126BA5C00C6E4A3 /* Project object */;
}
